// !$*UTF8*$!
{
	archiveVersion = 1;
	classes = {
	};
	objectVersion = 52;
	objects = {

/* Begin PBXBuildFile section */
		1C1993D026B28DC300B2480A /* UITableView+Extension.swift in Sources */ = {isa = PBXBuildFile; fileRef = 1C1993CF26B28DC300B2480A /* UITableView+Extension.swift */; };
		1C1993D226B2A9BA00B2480A /* SearchPresenter.swift in Sources */ = {isa = PBXBuildFile; fileRef = 1C1993D126B2A9BA00B2480A /* SearchPresenter.swift */; };
		1C1993D426B2E74100B2480A /* CellConfigurator.swift in Sources */ = {isa = PBXBuildFile; fileRef = 1C1993D326B2E74100B2480A /* CellConfigurator.swift */; };
		1C1993D626B2ED0900B2480A /* ShrinkingButton.swift in Sources */ = {isa = PBXBuildFile; fileRef = 1C1993D526B2ED0900B2480A /* ShrinkingButton.swift */; };
		1C1993D826B2FDB900B2480A /* WeatherManager.swift in Sources */ = {isa = PBXBuildFile; fileRef = 1C1993D726B2FDB900B2480A /* WeatherManager.swift */; };
		1C1993DD26B3303C00B2480A /* WeatherCity.swift in Sources */ = {isa = PBXBuildFile; fileRef = 1C1993DC26B3303C00B2480A /* WeatherCity.swift */; };
		1C1993DF26B3306D00B2480A /* WeatherData.swift in Sources */ = {isa = PBXBuildFile; fileRef = 1C1993DE26B3306D00B2480A /* WeatherData.swift */; };
		1C1993E126B3405C00B2480A /* CityTableViewCell.swift in Sources */ = {isa = PBXBuildFile; fileRef = 1C1993E026B3405C00B2480A /* CityTableViewCell.swift */; };
		1C1993E326B3426B00B2480A /* CitiesPresenter.swift in Sources */ = {isa = PBXBuildFile; fileRef = 1C1993E226B3426A00B2480A /* CitiesPresenter.swift */; };
		1C6335EF26B1407E006A420F /* UIColor+Extension.swift in Sources */ = {isa = PBXBuildFile; fileRef = 1C6335EE26B1407E006A420F /* UIColor+Extension.swift */; };
		1C6335F226B142C0006A420F /* String+Extension.swift in Sources */ = {isa = PBXBuildFile; fileRef = 1C6335F126B142C0006A420F /* String+Extension.swift */; };
		1C63360226B14D54006A420F /* Localizable.strings in Resources */ = {isa = PBXBuildFile; fileRef = 1C63360026B14D54006A420F /* Localizable.strings */; };
		1C63360526B14DF8006A420F /* Constants.swift in Sources */ = {isa = PBXBuildFile; fileRef = 1C63360426B14DF8006A420F /* Constants.swift */; };
		1C63360926B14EF8006A420F /* Alamofire in Frameworks */ = {isa = PBXBuildFile; productRef = 1C63360826B14EF8006A420F /* Alamofire */; };
		1C63360B26B14F0B006A420F /* WebService.swift in Sources */ = {isa = PBXBuildFile; fileRef = 1C63360A26B14F0B006A420F /* WebService.swift */; };
		1C63361026B15808006A420F /* ApiRouter.swift in Sources */ = {isa = PBXBuildFile; fileRef = 1C63360F26B15808006A420F /* ApiRouter.swift */; };
		1C63361226B15AC7006A420F /* ServiceError.swift in Sources */ = {isa = PBXBuildFile; fileRef = 1C63361126B15AC7006A420F /* ServiceError.swift */; };
		1C63361526B16DA6006A420F /* Configuration.swift in Sources */ = {isa = PBXBuildFile; fileRef = 1C63361426B16DA6006A420F /* Configuration.swift */; };
		1C63361926B17583006A420F /* GeocodingResponse.swift in Sources */ = {isa = PBXBuildFile; fileRef = 1C63361826B17583006A420F /* GeocodingResponse.swift */; };
		1C63361C26B176CB006A420F /* Geocoding.swift in Sources */ = {isa = PBXBuildFile; fileRef = 1C63361B26B176CB006A420F /* Geocoding.swift */; };
		1C63361E26B1BE91006A420F /* CitiesSearchViewController.swift in Sources */ = {isa = PBXBuildFile; fileRef = 1C63361D26B1BE91006A420F /* CitiesSearchViewController.swift */; };
		1C63362126B1C099006A420F /* FloatingButton.swift in Sources */ = {isa = PBXBuildFile; fileRef = 1C63362026B1C099006A420F /* FloatingButton.swift */; };
		1C63362326B1C103006A420F /* UIView+Extension.swift in Sources */ = {isa = PBXBuildFile; fileRef = 1C63362226B1C103006A420F /* UIView+Extension.swift */; };
		1C63362626B1D315006A420F /* SearchCityTableViewCell.swift in Sources */ = {isa = PBXBuildFile; fileRef = 1C63362526B1D315006A420F /* SearchCityTableViewCell.swift */; };
		1C7EADA326B3C8AF0016F87D /* WeatherDataFetcher.swift in Sources */ = {isa = PBXBuildFile; fileRef = 1C7EADA226B3C8AF0016F87D /* WeatherDataFetcher.swift */; };
		1C7EADA826B3D5020016F87D /* CurrentWeatherFetcher.swift in Sources */ = {isa = PBXBuildFile; fileRef = 1C7EADA726B3D5020016F87D /* CurrentWeatherFetcher.swift */; };
		1C7EADAB26B3FEB40016F87D /* CurrentWeather.swift in Sources */ = {isa = PBXBuildFile; fileRef = 1C7EADAA26B3FEB40016F87D /* CurrentWeather.swift */; };
		1CCCC34B26AED95C000F0CBC /* AppDelegate.swift in Sources */ = {isa = PBXBuildFile; fileRef = 1CCCC34A26AED95C000F0CBC /* AppDelegate.swift */; };
		1CCCC34D26AED95C000F0CBC /* SceneDelegate.swift in Sources */ = {isa = PBXBuildFile; fileRef = 1CCCC34C26AED95C000F0CBC /* SceneDelegate.swift */; };
		1CCCC34F26AED95C000F0CBC /* CitiesListViewController.swift in Sources */ = {isa = PBXBuildFile; fileRef = 1CCCC34E26AED95C000F0CBC /* CitiesListViewController.swift */; };
		1CCCC35226AED95C000F0CBC /* Main.storyboard in Resources */ = {isa = PBXBuildFile; fileRef = 1CCCC35026AED95C000F0CBC /* Main.storyboard */; };
		1CCCC35426AED95F000F0CBC /* Assets.xcassets in Resources */ = {isa = PBXBuildFile; fileRef = 1CCCC35326AED95F000F0CBC /* Assets.xcassets */; };
		1CCCC35726AED95F000F0CBC /* LaunchScreen.storyboard in Resources */ = {isa = PBXBuildFile; fileRef = 1CCCC35526AED95F000F0CBC /* LaunchScreen.storyboard */; };
/* End PBXBuildFile section */

/* Begin PBXFileReference section */
		1C1993CF26B28DC300B2480A /* UITableView+Extension.swift */ = {isa = PBXFileReference; lastKnownFileType = sourcecode.swift; path = "UITableView+Extension.swift"; sourceTree = "<group>"; };
		1C1993D126B2A9BA00B2480A /* SearchPresenter.swift */ = {isa = PBXFileReference; lastKnownFileType = sourcecode.swift; path = SearchPresenter.swift; sourceTree = "<group>"; };
		1C1993D326B2E74100B2480A /* CellConfigurator.swift */ = {isa = PBXFileReference; lastKnownFileType = sourcecode.swift; path = CellConfigurator.swift; sourceTree = "<group>"; };
		1C1993D526B2ED0900B2480A /* ShrinkingButton.swift */ = {isa = PBXFileReference; lastKnownFileType = sourcecode.swift; path = ShrinkingButton.swift; sourceTree = "<group>"; };
		1C1993D726B2FDB900B2480A /* WeatherManager.swift */ = {isa = PBXFileReference; lastKnownFileType = sourcecode.swift; path = WeatherManager.swift; sourceTree = "<group>"; };
		1C1993DC26B3303C00B2480A /* WeatherCity.swift */ = {isa = PBXFileReference; lastKnownFileType = sourcecode.swift; path = WeatherCity.swift; sourceTree = "<group>"; };
		1C1993DE26B3306D00B2480A /* WeatherData.swift */ = {isa = PBXFileReference; lastKnownFileType = sourcecode.swift; path = WeatherData.swift; sourceTree = "<group>"; };
		1C1993E026B3405C00B2480A /* CityTableViewCell.swift */ = {isa = PBXFileReference; lastKnownFileType = sourcecode.swift; path = CityTableViewCell.swift; sourceTree = "<group>"; };
		1C1993E226B3426A00B2480A /* CitiesPresenter.swift */ = {isa = PBXFileReference; lastKnownFileType = sourcecode.swift; path = CitiesPresenter.swift; sourceTree = "<group>"; };
		1C6335EE26B1407E006A420F /* UIColor+Extension.swift */ = {isa = PBXFileReference; lastKnownFileType = sourcecode.swift; path = "UIColor+Extension.swift"; sourceTree = "<group>"; };
		1C6335F126B142C0006A420F /* String+Extension.swift */ = {isa = PBXFileReference; lastKnownFileType = sourcecode.swift; path = "String+Extension.swift"; sourceTree = "<group>"; };
		1C63360126B14D54006A420F /* Base */ = {isa = PBXFileReference; lastKnownFileType = text.plist.strings; name = Base; path = Base.lproj/Localizable.strings; sourceTree = "<group>"; };
		1C63360426B14DF8006A420F /* Constants.swift */ = {isa = PBXFileReference; fileEncoding = 4; lastKnownFileType = sourcecode.swift; path = Constants.swift; sourceTree = "<group>"; };
		1C63360A26B14F0B006A420F /* WebService.swift */ = {isa = PBXFileReference; lastKnownFileType = sourcecode.swift; path = WebService.swift; sourceTree = "<group>"; };
		1C63360F26B15808006A420F /* ApiRouter.swift */ = {isa = PBXFileReference; lastKnownFileType = sourcecode.swift; path = ApiRouter.swift; sourceTree = "<group>"; };
		1C63361126B15AC7006A420F /* ServiceError.swift */ = {isa = PBXFileReference; lastKnownFileType = sourcecode.swift; path = ServiceError.swift; sourceTree = "<group>"; };
		1C63361326B16C64006A420F /* Weather.xcconfig */ = {isa = PBXFileReference; lastKnownFileType = text.xcconfig; path = Weather.xcconfig; sourceTree = "<group>"; };
		1C63361426B16DA6006A420F /* Configuration.swift */ = {isa = PBXFileReference; lastKnownFileType = sourcecode.swift; path = Configuration.swift; sourceTree = "<group>"; };
		1C63361826B17583006A420F /* GeocodingResponse.swift */ = {isa = PBXFileReference; lastKnownFileType = sourcecode.swift; path = GeocodingResponse.swift; sourceTree = "<group>"; };
		1C63361B26B176CB006A420F /* Geocoding.swift */ = {isa = PBXFileReference; lastKnownFileType = sourcecode.swift; path = Geocoding.swift; sourceTree = "<group>"; };
		1C63361D26B1BE91006A420F /* CitiesSearchViewController.swift */ = {isa = PBXFileReference; lastKnownFileType = sourcecode.swift; path = CitiesSearchViewController.swift; sourceTree = "<group>"; };
		1C63362026B1C099006A420F /* FloatingButton.swift */ = {isa = PBXFileReference; lastKnownFileType = sourcecode.swift; path = FloatingButton.swift; sourceTree = "<group>"; };
		1C63362226B1C103006A420F /* UIView+Extension.swift */ = {isa = PBXFileReference; lastKnownFileType = sourcecode.swift; path = "UIView+Extension.swift"; sourceTree = "<group>"; };
		1C63362526B1D315006A420F /* SearchCityTableViewCell.swift */ = {isa = PBXFileReference; lastKnownFileType = sourcecode.swift; path = SearchCityTableViewCell.swift; sourceTree = "<group>"; };
		1C7EADA226B3C8AF0016F87D /* WeatherDataFetcher.swift */ = {isa = PBXFileReference; lastKnownFileType = sourcecode.swift; path = WeatherDataFetcher.swift; sourceTree = "<group>"; };
		1C7EADA726B3D5020016F87D /* CurrentWeatherFetcher.swift */ = {isa = PBXFileReference; lastKnownFileType = sourcecode.swift; path = CurrentWeatherFetcher.swift; sourceTree = "<group>"; };
		1C7EADAA26B3FEB40016F87D /* CurrentWeather.swift */ = {isa = PBXFileReference; lastKnownFileType = sourcecode.swift; path = CurrentWeather.swift; sourceTree = "<group>"; };
		1CCCC34726AED95C000F0CBC /* WeatherApp.app */ = {isa = PBXFileReference; explicitFileType = wrapper.application; includeInIndex = 0; path = WeatherApp.app; sourceTree = BUILT_PRODUCTS_DIR; };
		1CCCC34A26AED95C000F0CBC /* AppDelegate.swift */ = {isa = PBXFileReference; lastKnownFileType = sourcecode.swift; path = AppDelegate.swift; sourceTree = "<group>"; };
		1CCCC34C26AED95C000F0CBC /* SceneDelegate.swift */ = {isa = PBXFileReference; lastKnownFileType = sourcecode.swift; path = SceneDelegate.swift; sourceTree = "<group>"; };
		1CCCC34E26AED95C000F0CBC /* CitiesListViewController.swift */ = {isa = PBXFileReference; lastKnownFileType = sourcecode.swift; path = CitiesListViewController.swift; sourceTree = "<group>"; };
		1CCCC35126AED95C000F0CBC /* Base */ = {isa = PBXFileReference; lastKnownFileType = file.storyboard; name = Base; path = Base.lproj/Main.storyboard; sourceTree = "<group>"; };
		1CCCC35326AED95F000F0CBC /* Assets.xcassets */ = {isa = PBXFileReference; lastKnownFileType = folder.assetcatalog; path = Assets.xcassets; sourceTree = "<group>"; };
		1CCCC35626AED95F000F0CBC /* Base */ = {isa = PBXFileReference; lastKnownFileType = file.storyboard; name = Base; path = Base.lproj/LaunchScreen.storyboard; sourceTree = "<group>"; };
		1CCCC35826AED95F000F0CBC /* Info.plist */ = {isa = PBXFileReference; lastKnownFileType = text.plist.xml; path = Info.plist; sourceTree = "<group>"; };
/* End PBXFileReference section */

/* Begin PBXFrameworksBuildPhase section */
		1CCCC34426AED95C000F0CBC /* Frameworks */ = {
			isa = PBXFrameworksBuildPhase;
			buildActionMask = 2147483647;
			files = (
				1C63360926B14EF8006A420F /* Alamofire in Frameworks */,
			);
			runOnlyForDeploymentPostprocessing = 0;
		};
/* End PBXFrameworksBuildPhase section */

/* Begin PBXGroup section */
		1C1993D926B2FDBF00B2480A /* DiskPersistence */ = {
			isa = PBXGroup;
			children = (
				1C1993D726B2FDB900B2480A /* WeatherManager.swift */,
				1C1993DC26B3303C00B2480A /* WeatherCity.swift */,
				1C1993DE26B3306D00B2480A /* WeatherData.swift */,
			);
			path = DiskPersistence;
			sourceTree = "<group>";
		};
		1C6335F026B14203006A420F /* Extensions */ = {
			isa = PBXGroup;
			children = (
				1C6335EE26B1407E006A420F /* UIColor+Extension.swift */,
				1C6335F126B142C0006A420F /* String+Extension.swift */,
				1C63362226B1C103006A420F /* UIView+Extension.swift */,
				1C1993CF26B28DC300B2480A /* UITableView+Extension.swift */,
			);
			path = Extensions;
			sourceTree = "<group>";
		};
		1C63360326B14D59006A420F /* Support */ = {
			isa = PBXGroup;
			children = (
				1CCCC34A26AED95C000F0CBC /* AppDelegate.swift */,
				1CCCC34C26AED95C000F0CBC /* SceneDelegate.swift */,
				1C63360026B14D54006A420F /* Localizable.strings */,
				1CCCC35526AED95F000F0CBC /* LaunchScreen.storyboard */,
				1CCCC35326AED95F000F0CBC /* Assets.xcassets */,
				1CCCC35026AED95C000F0CBC /* Main.storyboard */,
				1CCCC35826AED95F000F0CBC /* Info.plist */,
			);
			path = Support;
			sourceTree = "<group>";
		};
		1C63360626B14DFC006A420F /* Constants */ = {
			isa = PBXGroup;
			children = (
				1C63360426B14DF8006A420F /* Constants.swift */,
			);
			path = Constants;
			sourceTree = "<group>";
		};
		1C63360C26B14F11006A420F /* WebService */ = {
			isa = PBXGroup;
			children = (
				1C63360A26B14F0B006A420F /* WebService.swift */,
				1C63361126B15AC7006A420F /* ServiceError.swift */,
				1C63360F26B15808006A420F /* ApiRouter.swift */,
				1C7EADA926B3FD3E0016F87D /* ResponseModels */,
				1C7EADAC26B400C80016F87D /* Fetchers */,
				1C7EADA426B3C91B0016F87D /* Operations */,
			);
			path = WebService;
			sourceTree = "<group>";
		};
		1C63361626B16DDF006A420F /* Configuration */ = {
			isa = PBXGroup;
			children = (
				1C63361326B16C64006A420F /* Weather.xcconfig */,
				1C63361426B16DA6006A420F /* Configuration.swift */,
			);
			path = Configuration;
			sourceTree = "<group>";
		};
		1C63361726B1754A006A420F /* CitiesList */ = {
			isa = PBXGroup;
			children = (
				1CCCC34E26AED95C000F0CBC /* CitiesListViewController.swift */,
				1C1993E226B3426A00B2480A /* CitiesPresenter.swift */,
				1C63362426B1C486006A420F /* Views */,
				1C1993E026B3405C00B2480A /* CityTableViewCell.swift */,
			);
			path = CitiesList;
			sourceTree = "<group>";
		};
		1C63361F26B1BE94006A420F /* CitiesSearch */ = {
			isa = PBXGroup;
			children = (
				1C63361D26B1BE91006A420F /* CitiesSearchViewController.swift */,
				1C63362526B1D315006A420F /* SearchCityTableViewCell.swift */,
				1C1993D126B2A9BA00B2480A /* SearchPresenter.swift */,
				1C1993D326B2E74100B2480A /* CellConfigurator.swift */,
				1C1993D526B2ED0900B2480A /* ShrinkingButton.swift */,
			);
			path = CitiesSearch;
			sourceTree = "<group>";
		};
		1C63362426B1C486006A420F /* Views */ = {
			isa = PBXGroup;
			children = (
				1C63362026B1C099006A420F /* FloatingButton.swift */,
			);
			path = Views;
			sourceTree = "<group>";
		};
		1C7EADA426B3C91B0016F87D /* Operations */ = {
			isa = PBXGroup;
			children = (
			);
			path = Operations;
			sourceTree = "<group>";
		};
		1C7EADA926B3FD3E0016F87D /* ResponseModels */ = {
			isa = PBXGroup;
			children = (
				1C63361826B17583006A420F /* GeocodingResponse.swift */,
				1C7EADAA26B3FEB40016F87D /* CurrentWeather.swift */,
			);
			path = ResponseModels;
			sourceTree = "<group>";
		};
		1C7EADAC26B400C80016F87D /* Fetchers */ = {
			isa = PBXGroup;
			children = (
				1C7EADA226B3C8AF0016F87D /* WeatherDataFetcher.swift */,
				1C7EADA726B3D5020016F87D /* CurrentWeatherFetcher.swift */,
				1C63361B26B176CB006A420F /* Geocoding.swift */,
			);
			path = Fetchers;
			sourceTree = "<group>";
		};
		1CCCC33E26AED95C000F0CBC = {
			isa = PBXGroup;
			children = (
				1CCCC34926AED95C000F0CBC /* WeatherApp */,
				1CCCC34826AED95C000F0CBC /* Products */,
			);
			sourceTree = "<group>";
		};
		1CCCC34826AED95C000F0CBC /* Products */ = {
			isa = PBXGroup;
			children = (
				1CCCC34726AED95C000F0CBC /* WeatherApp.app */,
			);
			name = Products;
			sourceTree = "<group>";
		};
		1CCCC34926AED95C000F0CBC /* WeatherApp */ = {
			isa = PBXGroup;
			children = (
				1C63360626B14DFC006A420F /* Constants */,
				1C6335F026B14203006A420F /* Extensions */,
				1C63361F26B1BE94006A420F /* CitiesSearch */,
				1C63361726B1754A006A420F /* CitiesList */,
				1C63361626B16DDF006A420F /* Configuration */,
				1C63360C26B14F11006A420F /* WebService */,
				1C63360326B14D59006A420F /* Support */,
				1C1993D926B2FDBF00B2480A /* DiskPersistence */,
			);
			path = WeatherApp;
			sourceTree = "<group>";
		};
/* End PBXGroup section */

/* Begin PBXNativeTarget section */
		1CCCC34626AED95C000F0CBC /* WeatherApp */ = {
			isa = PBXNativeTarget;
			buildConfigurationList = 1CCCC35B26AED95F000F0CBC /* Build configuration list for PBXNativeTarget "WeatherApp" */;
			buildPhases = (
				1CCCC34326AED95C000F0CBC /* Sources */,
				1CCCC34426AED95C000F0CBC /* Frameworks */,
				1CCCC34526AED95C000F0CBC /* Resources */,
			);
			buildRules = (
			);
			dependencies = (
			);
			name = WeatherApp;
			packageProductDependencies = (
				1C63360826B14EF8006A420F /* Alamofire */,
			);
			productName = WeatherApp;
			productReference = 1CCCC34726AED95C000F0CBC /* WeatherApp.app */;
			productType = "com.apple.product-type.application";
		};
/* End PBXNativeTarget section */

/* Begin PBXProject section */
		1CCCC33F26AED95C000F0CBC /* Project object */ = {
			isa = PBXProject;
			attributes = {
				LastSwiftUpdateCheck = 1250;
				LastUpgradeCheck = 1250;
				TargetAttributes = {
					1CCCC34626AED95C000F0CBC = {
						CreatedOnToolsVersion = 12.5;
					};
				};
			};
			buildConfigurationList = 1CCCC34226AED95C000F0CBC /* Build configuration list for PBXProject "WeatherApp" */;
			compatibilityVersion = "Xcode 9.3";
			developmentRegion = en;
			hasScannedForEncodings = 0;
			knownRegions = (
				en,
				Base,
			);
			mainGroup = 1CCCC33E26AED95C000F0CBC;
			packageReferences = (
				1C63360726B14EF8006A420F /* XCRemoteSwiftPackageReference "Alamofire" */,
			);
			productRefGroup = 1CCCC34826AED95C000F0CBC /* Products */;
			projectDirPath = "";
			projectRoot = "";
			targets = (
				1CCCC34626AED95C000F0CBC /* WeatherApp */,
			);
		};
/* End PBXProject section */

/* Begin PBXResourcesBuildPhase section */
		1CCCC34526AED95C000F0CBC /* Resources */ = {
			isa = PBXResourcesBuildPhase;
			buildActionMask = 2147483647;
			files = (
				1CCCC35726AED95F000F0CBC /* LaunchScreen.storyboard in Resources */,
				1C63360226B14D54006A420F /* Localizable.strings in Resources */,
				1CCCC35426AED95F000F0CBC /* Assets.xcassets in Resources */,
				1CCCC35226AED95C000F0CBC /* Main.storyboard in Resources */,
			);
			runOnlyForDeploymentPostprocessing = 0;
		};
/* End PBXResourcesBuildPhase section */

/* Begin PBXSourcesBuildPhase section */
		1CCCC34326AED95C000F0CBC /* Sources */ = {
			isa = PBXSourcesBuildPhase;
			buildActionMask = 2147483647;
			files = (
				1C1993E326B3426B00B2480A /* CitiesPresenter.swift in Sources */,
				1C63361926B17583006A420F /* GeocodingResponse.swift in Sources */,
				1C1993D626B2ED0900B2480A /* ShrinkingButton.swift in Sources */,
				1C63361226B15AC7006A420F /* ServiceError.swift in Sources */,
				1C63361C26B176CB006A420F /* Geocoding.swift in Sources */,
				1C63362326B1C103006A420F /* UIView+Extension.swift in Sources */,
				1CCCC34F26AED95C000F0CBC /* CitiesListViewController.swift in Sources */,
				1C1993E126B3405C00B2480A /* CityTableViewCell.swift in Sources */,
				1C1993D826B2FDB900B2480A /* WeatherManager.swift in Sources */,
				1CCCC34B26AED95C000F0CBC /* AppDelegate.swift in Sources */,
				1C7EADA826B3D5020016F87D /* CurrentWeatherFetcher.swift in Sources */,
				1C1993D026B28DC300B2480A /* UITableView+Extension.swift in Sources */,
				1C63360B26B14F0B006A420F /* WebService.swift in Sources */,
				1C63361026B15808006A420F /* ApiRouter.swift in Sources */,
				1C1993DD26B3303C00B2480A /* WeatherCity.swift in Sources */,
				1C1993DF26B3306D00B2480A /* WeatherData.swift in Sources */,
				1C1993D226B2A9BA00B2480A /* SearchPresenter.swift in Sources */,
				1C63361E26B1BE91006A420F /* CitiesSearchViewController.swift in Sources */,
				1CCCC34D26AED95C000F0CBC /* SceneDelegate.swift in Sources */,
				1C63362626B1D315006A420F /* SearchCityTableViewCell.swift in Sources */,
				1C7EADA326B3C8AF0016F87D /* WeatherDataFetcher.swift in Sources */,
				1C63362126B1C099006A420F /* FloatingButton.swift in Sources */,
				1C6335F226B142C0006A420F /* String+Extension.swift in Sources */,
				1C6335EF26B1407E006A420F /* UIColor+Extension.swift in Sources */,
				1C63360526B14DF8006A420F /* Constants.swift in Sources */,
				1C1993D426B2E74100B2480A /* CellConfigurator.swift in Sources */,
				1C7EADAB26B3FEB40016F87D /* CurrentWeather.swift in Sources */,
				1C63361526B16DA6006A420F /* Configuration.swift in Sources */,
			);
			runOnlyForDeploymentPostprocessing = 0;
		};
/* End PBXSourcesBuildPhase section */

/* Begin PBXVariantGroup section */
		1C63360026B14D54006A420F /* Localizable.strings */ = {
			isa = PBXVariantGroup;
			children = (
				1C63360126B14D54006A420F /* Base */,
			);
			name = Localizable.strings;
			sourceTree = "<group>";
		};
		1CCCC35026AED95C000F0CBC /* Main.storyboard */ = {
			isa = PBXVariantGroup;
			children = (
				1CCCC35126AED95C000F0CBC /* Base */,
			);
			name = Main.storyboard;
			sourceTree = "<group>";
		};
		1CCCC35526AED95F000F0CBC /* LaunchScreen.storyboard */ = {
			isa = PBXVariantGroup;
			children = (
				1CCCC35626AED95F000F0CBC /* Base */,
			);
			name = LaunchScreen.storyboard;
			sourceTree = "<group>";
		};
/* End PBXVariantGroup section */

/* Begin XCBuildConfiguration section */
		1CCCC35926AED95F000F0CBC /* Debug */ = {
			isa = XCBuildConfiguration;
			baseConfigurationReference = 1C63361326B16C64006A420F /* Weather.xcconfig */;
			buildSettings = {
				ALWAYS_SEARCH_USER_PATHS = NO;
				CLANG_ANALYZER_NONNULL = YES;
				CLANG_ANALYZER_NUMBER_OBJECT_CONVERSION = YES_AGGRESSIVE;
				CLANG_CXX_LANGUAGE_STANDARD = "gnu++14";
				CLANG_CXX_LIBRARY = "libc++";
				CLANG_ENABLE_MODULES = YES;
				CLANG_ENABLE_OBJC_ARC = YES;
				CLANG_ENABLE_OBJC_WEAK = YES;
				CLANG_WARN_BLOCK_CAPTURE_AUTORELEASING = YES;
				CLANG_WARN_BOOL_CONVERSION = YES;
				CLANG_WARN_COMMA = YES;
				CLANG_WARN_CONSTANT_CONVERSION = YES;
				CLANG_WARN_DEPRECATED_OBJC_IMPLEMENTATIONS = YES;
				CLANG_WARN_DIRECT_OBJC_ISA_USAGE = YES_ERROR;
				CLANG_WARN_DOCUMENTATION_COMMENTS = YES;
				CLANG_WARN_EMPTY_BODY = YES;
				CLANG_WARN_ENUM_CONVERSION = YES;
				CLANG_WARN_INFINITE_RECURSION = YES;
				CLANG_WARN_INT_CONVERSION = YES;
				CLANG_WARN_NON_LITERAL_NULL_CONVERSION = YES;
				CLANG_WARN_OBJC_IMPLICIT_RETAIN_SELF = YES;
				CLANG_WARN_OBJC_LITERAL_CONVERSION = YES;
				CLANG_WARN_OBJC_ROOT_CLASS = YES_ERROR;
				CLANG_WARN_QUOTED_INCLUDE_IN_FRAMEWORK_HEADER = YES;
				CLANG_WARN_RANGE_LOOP_ANALYSIS = YES;
				CLANG_WARN_STRICT_PROTOTYPES = YES;
				CLANG_WARN_SUSPICIOUS_MOVE = YES;
				CLANG_WARN_UNGUARDED_AVAILABILITY = YES_AGGRESSIVE;
				CLANG_WARN_UNREACHABLE_CODE = YES;
				CLANG_WARN__DUPLICATE_METHOD_MATCH = YES;
				COPY_PHASE_STRIP = NO;
				DEBUG_INFORMATION_FORMAT = dwarf;
				ENABLE_STRICT_OBJC_MSGSEND = YES;
				ENABLE_TESTABILITY = YES;
				GCC_C_LANGUAGE_STANDARD = gnu11;
				GCC_DYNAMIC_NO_PIC = NO;
				GCC_NO_COMMON_BLOCKS = YES;
				GCC_OPTIMIZATION_LEVEL = 0;
				GCC_PREPROCESSOR_DEFINITIONS = (
					"DEBUG=1",
					"$(inherited)",
				);
				GCC_WARN_64_TO_32_BIT_CONVERSION = YES;
				GCC_WARN_ABOUT_RETURN_TYPE = YES_ERROR;
				GCC_WARN_UNDECLARED_SELECTOR = YES;
				GCC_WARN_UNINITIALIZED_AUTOS = YES_AGGRESSIVE;
				GCC_WARN_UNUSED_FUNCTION = YES;
				GCC_WARN_UNUSED_VARIABLE = YES;
				INFOPLIST_FILE = "";
				IPHONEOS_DEPLOYMENT_TARGET = 14.5;
				MTL_ENABLE_DEBUG_INFO = INCLUDE_SOURCE;
				MTL_FAST_MATH = YES;
				ONLY_ACTIVE_ARCH = YES;
				SDKROOT = iphoneos;
				SWIFT_ACTIVE_COMPILATION_CONDITIONS = DEBUG;
				SWIFT_OPTIMIZATION_LEVEL = "-Onone";
			};
			name = Debug;
		};
		1CCCC35A26AED95F000F0CBC /* Release */ = {
			isa = XCBuildConfiguration;
			baseConfigurationReference = 1C63361326B16C64006A420F /* Weather.xcconfig */;
			buildSettings = {
				ALWAYS_SEARCH_USER_PATHS = NO;
				CLANG_ANALYZER_NONNULL = YES;
				CLANG_ANALYZER_NUMBER_OBJECT_CONVERSION = YES_AGGRESSIVE;
				CLANG_CXX_LANGUAGE_STANDARD = "gnu++14";
				CLANG_CXX_LIBRARY = "libc++";
				CLANG_ENABLE_MODULES = YES;
				CLANG_ENABLE_OBJC_ARC = YES;
				CLANG_ENABLE_OBJC_WEAK = YES;
				CLANG_WARN_BLOCK_CAPTURE_AUTORELEASING = YES;
				CLANG_WARN_BOOL_CONVERSION = YES;
				CLANG_WARN_COMMA = YES;
				CLANG_WARN_CONSTANT_CONVERSION = YES;
				CLANG_WARN_DEPRECATED_OBJC_IMPLEMENTATIONS = YES;
				CLANG_WARN_DIRECT_OBJC_ISA_USAGE = YES_ERROR;
				CLANG_WARN_DOCUMENTATION_COMMENTS = YES;
				CLANG_WARN_EMPTY_BODY = YES;
				CLANG_WARN_ENUM_CONVERSION = YES;
				CLANG_WARN_INFINITE_RECURSION = YES;
				CLANG_WARN_INT_CONVERSION = YES;
				CLANG_WARN_NON_LITERAL_NULL_CONVERSION = YES;
				CLANG_WARN_OBJC_IMPLICIT_RETAIN_SELF = YES;
				CLANG_WARN_OBJC_LITERAL_CONVERSION = YES;
				CLANG_WARN_OBJC_ROOT_CLASS = YES_ERROR;
				CLANG_WARN_QUOTED_INCLUDE_IN_FRAMEWORK_HEADER = YES;
				CLANG_WARN_RANGE_LOOP_ANALYSIS = YES;
				CLANG_WARN_STRICT_PROTOTYPES = YES;
				CLANG_WARN_SUSPICIOUS_MOVE = YES;
				CLANG_WARN_UNGUARDED_AVAILABILITY = YES_AGGRESSIVE;
				CLANG_WARN_UNREACHABLE_CODE = YES;
				CLANG_WARN__DUPLICATE_METHOD_MATCH = YES;
				COPY_PHASE_STRIP = NO;
				DEBUG_INFORMATION_FORMAT = "dwarf-with-dsym";
				ENABLE_NS_ASSERTIONS = NO;
				ENABLE_STRICT_OBJC_MSGSEND = YES;
				GCC_C_LANGUAGE_STANDARD = gnu11;
				GCC_NO_COMMON_BLOCKS = YES;
				GCC_WARN_64_TO_32_BIT_CONVERSION = YES;
				GCC_WARN_ABOUT_RETURN_TYPE = YES_ERROR;
				GCC_WARN_UNDECLARED_SELECTOR = YES;
				GCC_WARN_UNINITIALIZED_AUTOS = YES_AGGRESSIVE;
				GCC_WARN_UNUSED_FUNCTION = YES;
				GCC_WARN_UNUSED_VARIABLE = YES;
				INFOPLIST_FILE = "";
				IPHONEOS_DEPLOYMENT_TARGET = 14.5;
				MTL_ENABLE_DEBUG_INFO = NO;
				MTL_FAST_MATH = YES;
				SDKROOT = iphoneos;
				SWIFT_COMPILATION_MODE = wholemodule;
				SWIFT_OPTIMIZATION_LEVEL = "-O";
				VALIDATE_PRODUCT = YES;
			};
			name = Release;
		};
		1CCCC35C26AED95F000F0CBC /* Debug */ = {
			isa = XCBuildConfiguration;
			baseConfigurationReference = 1C63361326B16C64006A420F /* Weather.xcconfig */;
			buildSettings = {
				ASSETCATALOG_COMPILER_APPICON_NAME = AppIcon;
				ASSETCATALOG_COMPILER_GLOBAL_ACCENT_COLOR_NAME = AccentColor;
				CODE_SIGN_STYLE = Automatic;
				DEVELOPMENT_TEAM = AXCT4GU8CY;
				INFOPLIST_FILE = WeatherApp/Support/Info.plist;
				LD_RUNPATH_SEARCH_PATHS = (
					"$(inherited)",
					"@executable_path/Frameworks",
				);
				PRODUCT_BUNDLE_IDENTIFIER = com.marinac.WeatherApp;
				PRODUCT_NAME = "$(TARGET_NAME)";
				SWIFT_VERSION = 5.0;
				TARGETED_DEVICE_FAMILY = 1;
			};
			name = Debug;
		};
		1CCCC35D26AED95F000F0CBC /* Release */ = {
			isa = XCBuildConfiguration;
			baseConfigurationReference = 1C63361326B16C64006A420F /* Weather.xcconfig */;
			buildSettings = {
				ASSETCATALOG_COMPILER_APPICON_NAME = AppIcon;
				ASSETCATALOG_COMPILER_GLOBAL_ACCENT_COLOR_NAME = AccentColor;
				CODE_SIGN_STYLE = Automatic;
				DEVELOPMENT_TEAM = AXCT4GU8CY;
				INFOPLIST_FILE = WeatherApp/Support/Info.plist;
				LD_RUNPATH_SEARCH_PATHS = (
					"$(inherited)",
					"@executable_path/Frameworks",
				);
				PRODUCT_BUNDLE_IDENTIFIER = com.marinac.WeatherApp;
				PRODUCT_NAME = "$(TARGET_NAME)";
				SWIFT_VERSION = 5.0;
				TARGETED_DEVICE_FAMILY = 1;
			};
			name = Release;
		};
/* End XCBuildConfiguration section */

/* Begin XCConfigurationList section */
		1CCCC34226AED95C000F0CBC /* Build configuration list for PBXProject "WeatherApp" */ = {
			isa = XCConfigurationList;
			buildConfigurations = (
				1CCCC35926AED95F000F0CBC /* Debug */,
				1CCCC35A26AED95F000F0CBC /* Release */,
			);
			defaultConfigurationIsVisible = 0;
			defaultConfigurationName = Release;
		};
		1CCCC35B26AED95F000F0CBC /* Build configuration list for PBXNativeTarget "WeatherApp" */ = {
			isa = XCConfigurationList;
			buildConfigurations = (
				1CCCC35C26AED95F000F0CBC /* Debug */,
				1CCCC35D26AED95F000F0CBC /* Release */,
			);
			defaultConfigurationIsVisible = 0;
			defaultConfigurationName = Release;
		};
/* End XCConfigurationList section */

/* Begin XCRemoteSwiftPackageReference section */
		1C63360726B14EF8006A420F /* XCRemoteSwiftPackageReference "Alamofire" */ = {
			isa = XCRemoteSwiftPackageReference;
			repositoryURL = "https://github.com/Alamofire/Alamofire";
			requirement = {
				kind = upToNextMajorVersion;
				minimumVersion = 5.4.3;
			};
		};
/* End XCRemoteSwiftPackageReference section */

/* Begin XCSwiftPackageProductDependency section */
		1C63360826B14EF8006A420F /* Alamofire */ = {
			isa = XCSwiftPackageProductDependency;
			package = 1C63360726B14EF8006A420F /* XCRemoteSwiftPackageReference "Alamofire" */;
			productName = Alamofire;
		};
/* End XCSwiftPackageProductDependency section */
	};
	rootObject = 1CCCC33F26AED95C000F0CBC /* Project object */;
}
